Microsoft Visual Studio Solution File, Format Version 12.00
# Visual Studio Version 17
VisualStudioVersion = 17.0.31912.275
MinimumVisualStudioVersion = 10.0.40219.1
Project("{FAE04EC0-301F-11D3-BF4B-00C04F79EFBC}") = "LocalSearch", "LocalSearch\LocalSearch.csproj", "{810E5FB9-55E1-4218-8377-57F3E520884C}"
EndProject
Global
	GlobalSection(SolutionConfigurationPlatforms) = preSolution
		Debug|Any CPU = Debug|Any CPU
		Release|Any CPU = Release|Any CPU
	EndGlobalSection
	GlobalSection(ProjectConfigurationPlatforms) = postSolution
		{810E5FB9-55E1-4218-8377-57F3E520884C}.Debug|Any CPU.ActiveCfg = Debug|Any CPU
		{810E5FB9-55E1-4218-8377-57F3E520884C}.Debug|Any CPU.Build.0 = Debug|Any CPU
		{810E5FB9-55E1-4218-8377-57F3E520884C}.Release|Any CPU.ActiveCfg = Release|Any CPU
		{810E5FB9-55E1-4218-8377-57F3E520884C}.Release|Any CPU.Build.0 = Release|Any CPU
	EndGlobalSection
	GlobalSection(SolutionProperties) = preSolution
		HideSolutionNode = FALSE
	EndGlobalSection
EndGlobal
